{
  "version": 1,
  "dependencies": {
    "net10.0": {
      "Microsoft.PowerShell.MarkdownRender": {
        "type": "Direct",
        "requested": "[7.2.1, )",
        "resolved": "7.2.1",
        "contentHash": "o5oUwL23R/KnjQPD2Oi49WAG5j4O4VLo1fPRSyM/aq0HuTrY2RnF4B3MCGk13BfcmK51p9kPlHZ1+8a/ZjO4Jg==",
        "dependencies": {
          "Markdig.Signed": "0.31.0"
        }
      },
      "Newtonsoft.Json": {
        "type": "Direct",
        "requested": "[13.0.3, )",
        "resolved": "13.0.3",
        "contentHash": "HrC5BXdl00IP9zeV+0Z848QWPAoCr9P3bDEZguI+gkLcBKAOxix/tLEAAHC+UvDNPv4a2d18lOReHMOagPa+zQ=="
      },
      "Markdig.Signed": {
        "type": "Transitive",
        "resolved": "0.31.0",
        "contentHash": "u05eQvNRunYLR+J0SZAgt8ia+qCF3cMfyYh7LR4jSjG5Tg+0HuRrv7u/Gox9kOItWlSacMITcHBio7jas/zaEQ=="
      }
    }
  }
}